// !$*UTF8*$!
{
	archiveVersion = 1;
	classes = {
	};
	objectVersion = 46;
	objects = {

/* Begin PBXBuildFile section */
		EEFBD57F1CA2799E0020FBB1 /* main.m in Sources */ = {isa = PBXBuildFile; fileRef = EEFBD57E1CA2799E0020FBB1 /* main.m */; };
		EEFBD5821CA2799E0020FBB1 /* AppDelegate.m in Sources */ = {isa = PBXBuildFile; fileRef = EEFBD5811CA2799E0020FBB1 /* AppDelegate.m */; };
		EEFBD5851CA2799E0020FBB1 /* ViewController.m in Sources */ = {isa = PBXBuildFile; fileRef = EEFBD5841CA2799E0020FBB1 /* ViewController.m */; };
		EEFBD5881CA2799E0020FBB1 /* Main.storyboard in Resources */ = {isa = PBXBuildFile; fileRef = EEFBD5861CA2799E0020FBB1 /* Main.storyboard */; };
		EEFBD58A1CA2799E0020FBB1 /* Assets.xcassets in Resources */ = {isa = PBXBuildFile; fileRef = EEFBD5891CA2799E0020FBB1 /* Assets.xcassets */; };
		EEFBD58D1CA2799E0020FBB1 /* LaunchScreen.storyboard in Resources */ = {isa = PBXBuildFile; fileRef = EEFBD58B1CA2799E0020FBB1 /* LaunchScreen.storyboard */; };
		EEFBD5981CA2799E0020FBB1 /* GCD_ThreadTests.m in Sources */ = {isa = PBXBuildFile; fileRef = EEFBD5971CA2799E0020FBB1 /* GCD_ThreadTests.m */; };
		EEFBD5A31CA2799E0020FBB1 /* GCD_ThreadUITests.m in Sources */ = {isa = PBXBuildFile; fileRef = EEFBD5A21CA2799E0020FBB1 /* GCD_ThreadUITests.m */; };
/* End PBXBuildFile section */

/* Begin PBXContainerItemProxy section */
		EEFBD5941CA2799E0020FBB1 /* PBXContainerItemProxy */ = {
			isa = PBXContainerItemProxy;
			containerPortal = EEFBD5721CA2799E0020FBB1 /* Project object */;
			proxyType = 1;
			remoteGlobalIDString = EEFBD5791CA2799E0020FBB1;
			remoteInfo = GCD_Thread;
		};
		EEFBD59F1CA2799E0020FBB1 /* PBXContainerItemProxy */ = {
			isa = PBXContainerItemProxy;
			containerPortal = EEFBD5721CA2799E0020FBB1 /* Project object */;
			proxyType = 1;
			remoteGlobalIDString = EEFBD5791CA2799E0020FBB1;
			remoteInfo = GCD_Thread;
		};
/* End PBXContainerItemProxy section */

/* Begin PBXFileReference section */
		EEFBD57A1CA2799E0020FBB1 /* GCD_Thread.app */ = {isa = PBXFileReference; explicitFileType = wrapper.application; includeInIndex = 0; path = GCD_Thread.app; sourceTree = BUILT_PRODUCTS_DIR; };
		EEFBD57E1CA2799E0020FBB1 /* main.m */ = {isa = PBXFileReference; lastKnownFileType = sourcecode.c.objc; path = main.m; sourceTree = "<group>"; };
		EEFBD5801CA2799E0020FBB1 /* AppDelegate.h */ = {isa = PBXFileReference; lastKnownFileType = sourcecode.c.h; path = AppDelegate.h; sourceTree = "<group>"; };
		EEFBD5811CA2799E0020FBB1 /* AppDelegate.m */ = {isa = PBXFileReference; lastKnownFileType = sourcecode.c.objc; path = AppDelegate.m; sourceTree = "<group>"; };
		EEFBD5831CA2799E0020FBB1 /* ViewController.h */ = {isa = PBXFileReference; lastKnownFileType = sourcecode.c.h; path = ViewController.h; sourceTree = "<group>"; };
		EEFBD5841CA2799E0020FBB1 /* ViewController.m */ = {isa = PBXFileReference; lastKnownFileType = sourcecode.c.objc; path = ViewController.m; sourceTree = "<group>"; };
		EEFBD5871CA2799E0020FBB1 /* Base */ = {isa = PBXFileReference; lastKnownFileType = file.storyboard; name = Base; path = Base.lproj/Main.storyboard; sourceTree = "<group>"; };
		EEFBD5891CA2799E0020FBB1 /* Assets.xcassets */ = {isa = PBXFileReference; lastKnownFileType = folder.assetcatalog; path = Assets.xcassets; sourceTree = "<group>"; };
		EEFBD58C1CA2799E0020FBB1 /* Base */ = {isa = PBXFileReference; lastKnownFileType = file.storyboard; name = Base; path = Base.lproj/LaunchScreen.storyboard; sourceTree = "<group>"; };
		EEFBD58E1CA2799E0020FBB1 /* Info.plist */ = {isa = PBXFileReference; lastKnownFileType = text.plist.xml; path = Info.plist; sourceTree = "<group>"; };
		EEFBD5931CA2799E0020FBB1 /* GCD_ThreadTests.xctest */ = {isa = PBXFileReference; explicitFileType = wrapper.cfbundle; includeInIndex = 0; path = GCD_ThreadTests.xctest; sourceTree = BUILT_PRODUCTS_DIR; };
		EEFBD5971CA2799E0020FBB1 /* GCD_ThreadTests.m */ = {isa = PBXFileReference; lastKnownFileType = sourcecode.c.objc; path = GCD_ThreadTests.m; sourceTree = "<group>"; };
		EEFBD5991CA2799E0020FBB1 /* Info.plist */ = {isa = PBXFileReference; lastKnownFileType = text.plist.xml; path = Info.plist; sourceTree = "<group>"; };
		EEFBD59E1CA2799E0020FBB1 /* GCD_ThreadUITests.xctest */ = {isa = PBXFileReference; explicitFileType = wrapper.cfbundle; includeInIndex = 0; path = GCD_ThreadUITests.xctest; sourceTree = BUILT_PRODUCTS_DIR; };
		EEFBD5A21CA2799E0020FBB1 /* GCD_ThreadUITests.m */ = {isa = PBXFileReference; lastKnownFileType = sourcecode.c.objc; path = GCD_ThreadUITests.m; sourceTree = "<group>"; };
		EEFBD5A41CA2799E0020FBB1 /* Info.plist */ = {isa = PBXFileReference; lastKnownFileType = text.plist.xml; path = Info.plist; sourceTree = "<group>"; };
/* End PBXFileReference section */

/* Begin PBXFrameworksBuildPhase section */
		EEFBD5771CA2799E0020FBB1 /* Frameworks */ = {
			isa = PBXFrameworksBuildPhase;
			buildActionMask = 2147483647;
			files = (
			);
			runOnlyForDeploymentPostprocessing = 0;
		};
		EEFBD5901CA2799E0020FBB1 /* Frameworks */ = {
			isa = PBXFrameworksBuildPhase;
			buildActionMask = 2147483647;
			files = (
			);
			runOnlyForDeploymentPostprocessing = 0;
		};
		EEFBD59B1CA2799E0020FBB1 /* Frameworks */ = {
			isa = PBXFrameworksBuildPhase;
			buildActionMask = 2147483647;
			files = (
			);
			runOnlyForDeploymentPostprocessing = 0;
		};
/* End PBXFrameworksBuildPhase section */

/* Begin PBXGroup section */
		EEFBD5711CA2799E0020FBB1 = {
			isa = PBXGroup;
			children = (
				EEFBD57C1CA2799E0020FBB1 /* GCD_Thread */,
				EEFBD5961CA2799E0020FBB1 /* GCD_ThreadTests */,
				EEFBD5A11CA2799E0020FBB1 /* GCD_ThreadUITests */,
				EEFBD57B1CA2799E0020FBB1 /* Products */,
			);
			sourceTree = "<group>";
		};
		EEFBD57B1CA2799E0020FBB1 /* Products */ = {
			isa = PBXGroup;
			children = (
				EEFBD57A1CA2799E0020FBB1 /* GCD_Thread.app */,
				EEFBD5931CA2799E0020FBB1 /* GCD_ThreadTests.xctest */,
				EEFBD59E1CA2799E0020FBB1 /* GCD_ThreadUITests.xctest */,
			);
			name = Products;
			sourceTree = "<group>";
		};
		EEFBD57C1CA2799E0020FBB1 /* GCD_Thread */ = {
			isa = PBXGroup;
			children = (
				EEFBD5801CA2799E0020FBB1 /* AppDelegate.h */,
				EEFBD5811CA2799E0020FBB1 /* AppDelegate.m */,
				EEFBD5831CA2799E0020FBB1 /* ViewController.h */,
				EEFBD5841CA2799E0020FBB1 /* ViewController.m */,
				EEFBD5861CA2799E0020FBB1 /* Main.storyboard */,
				EEFBD5891CA2799E0020FBB1 /* Assets.xcassets */,
				EEFBD58B1CA2799E0020FBB1 /* LaunchScreen.storyboard */,
				EEFBD58E1CA2799E0020FBB1 /* Info.plist */,
				EEFBD57D1CA2799E0020FBB1 /* Supporting Files */,
			);
			path = GCD_Thread;
			sourceTree = "<group>";
		};
		EEFBD57D1CA2799E0020FBB1 /* Supporting Files */ = {
			isa = PBXGroup;
			children = (
				EEFBD57E1CA2799E0020FBB1 /* main.m */,
			);
			name = "Supporting Files";
			sourceTree = "<group>";
		};
		EEFBD5961CA2799E0020FBB1 /* GCD_ThreadTests */ = {
			isa = PBXGroup;
			children = (
				EEFBD5971CA2799E0020FBB1 /* GCD_ThreadTests.m */,
				EEFBD5991CA2799E0020FBB1 /* Info.plist */,
			);
			path = GCD_ThreadTests;
			sourceTree = "<group>";
		};
		EEFBD5A11CA2799E0020FBB1 /* GCD_ThreadUITests */ = {
			isa = PBXGroup;
			children = (
				EEFBD5A21CA2799E0020FBB1 /* GCD_ThreadUITests.m */,
				EEFBD5A41CA2799E0020FBB1 /* Info.plist */,
			);
			path = GCD_ThreadUITests;
			sourceTree = "<group>";
		};
/* End PBXGroup section */

/* Begin PBXNativeTarget section */
		EEFBD5791CA2799E0020FBB1 /* GCD_Thread */ = {
			isa = PBXNativeTarget;
			buildConfigurationList = EEFBD5A71CA2799E0020FBB1 /* Build configuration list for PBXNativeTarget "GCD_Thread" */;
			buildPhases = (
				EEFBD5761CA2799E0020FBB1 /* Sources */,
				EEFBD5771CA2799E0020FBB1 /* Frameworks */,
				EEFBD5781CA2799E0020FBB1 /* Resources */,
			);
			buildRules = (
			);
			dependencies = (
			);
			name = GCD_Thread;
			productName = GCD_Thread;
			productReference = EEFBD57A1CA2799E0020FBB1 /* GCD_Thread.app */;
			productType = "com.apple.product-type.application";
		};
		EEFBD5921CA2799E0020FBB1 /* GCD_ThreadTests */ = {
			isa = PBXNativeTarget;
			buildConfigurationList = EEFBD5AA1CA2799E0020FBB1 /* Build configuration list for PBXNativeTarget "GCD_ThreadTests" */;
			buildPhases = (
				EEFBD58F1CA2799E0020FBB1 /* Sources */,
				EEFBD5901CA2799E0020FBB1 /* Frameworks */,
				EEFBD5911CA2799E0020FBB1 /* Resources */,
			);
			buildRules = (
			);
			dependencies = (
				EEFBD5951CA2799E0020FBB1 /* PBXTargetDependency */,
			);
			name = GCD_ThreadTests;
			productName = GCD_ThreadTests;
			productReference = EEFBD5931CA2799E0020FBB1 /* GCD_ThreadTests.xctest */;
			productType = "com.apple.product-type.bundle.unit-test";
		};
		EEFBD59D1CA2799E0020FBB1 /* GCD_ThreadUITests */ = {
			isa = PBXNativeTarget;
			buildConfigurationList = EEFBD5AD1CA2799E0020FBB1 /* Build configuration list for PBXNativeTarget "GCD_ThreadUITests" */;
			buildPhases = (
				EEFBD59A1CA2799E0020FBB1 /* Sources */,
				EEFBD59B1CA2799E0020FBB1 /* Frameworks */,
				EEFBD59C1CA2799E0020FBB1 /* Resources */,
			);
			buildRules = (
			);
			dependencies = (
				EEFBD5A01CA2799E0020FBB1 /* PBXTargetDependency */,
			);
			name = GCD_ThreadUITests;
			productName = GCD_ThreadUITests;
			productReference = EEFBD59E1CA2799E0020FBB1 /* GCD_ThreadUITests.xctest */;
			productType = "com.apple.product-type.bundle.ui-testing";
		};
/* End PBXNativeTarget section */

/* Begin PBXProject section */
		EEFBD5721CA2799E0020FBB1 /* Project object */ = {
			isa = PBXProject;
			attributes = {
				LastUpgradeCheck = 0710;
				ORGANIZATIONNAME = "张锦辉";
				TargetAttributes = {
					EEFBD5791CA2799E0020FBB1 = {
						CreatedOnToolsVersion = 7.1.1;
					};
					EEFBD5921CA2799E0020FBB1 = {
						CreatedOnToolsVersion = 7.1.1;
						TestTargetID = EEFBD5791CA2799E0020FBB1;
					};
					EEFBD59D1CA2799E0020FBB1 = {
						CreatedOnToolsVersion = 7.1.1;
						TestTargetID = EEFBD5791CA2799E0020FBB1;
					};
				};
			};
			buildConfigurationList = EEFBD5751CA2799E0020FBB1 /* Build configuration list for PBXProject "GCD_Thread" */;
			compatibilityVersion = "Xcode 3.2";
			developmentRegion = English;
			hasScannedForEncodings = 0;
			knownRegions = (
				en,
				Base,
			);
			mainGroup = EEFBD5711CA2799E0020FBB1;
			productRefGroup = EEFBD57B1CA2799E0020FBB1 /* Products */;
			projectDirPath = "";
			projectRoot = "";
			targets = (
				EEFBD5791CA2799E0020FBB1 /* GCD_Thread */,
				EEFBD5921CA2799E0020FBB1 /* GCD_ThreadTests */,
				EEFBD59D1CA2799E0020FBB1 /* GCD_ThreadUITests */,
			);
		};
/* End PBXProject section */

/* Begin PBXResourcesBuildPhase section */
		EEFBD5781CA2799E0020FBB1 /* Resources */ = {
			isa = PBXResourcesBuildPhase;
			buildActionMask = 2147483647;
			files = (
				EEFBD58D1CA2799E0020FBB1 /* LaunchScreen.storyboard in Resources */,
				EEFBD58A1CA2799E0020FBB1 /* Assets.xcassets in Resources */,
				EEFBD5881CA2799E0020FBB1 /* Main.storyboard in Resources */,
			);
			runOnlyForDeploymentPostprocessing = 0;
		};
		EEFBD5911CA2799E0020FBB1 /* Resources */ = {
			isa = PBXResourcesBuildPhase;
			buildActionMask = 2147483647;
			files = (
			);
			runOnlyForDeploymentPostprocessing = 0;
		};
		EEFBD59C1CA2799E0020FBB1 /* Resources */ = {
			isa = PBXResourcesBuildPhase;
			buildActionMask = 2147483647;
			files = (
			);
			runOnlyForDeploymentPostprocessing = 0;
		};
/* End PBXResourcesBuildPhase section */

/* Begin PBXSourcesBuildPhase section */
		EEFBD5761CA2799E0020FBB1 /* Sources */ = {
			isa = PBXSourcesBuildPhase;
			buildActionMask = 2147483647;
			files = (
				EEFBD5851CA2799E0020FBB1 /* ViewController.m in Sources */,
				EEFBD5821CA2799E0020FBB1 /* AppDelegate.m in Sources */,
				EEFBD57F1CA2799E0020FBB1 /* main.m in Sources */,
			);
			runOnlyForDeploymentPostprocessing = 0;
		};
		EEFBD58F1CA2799E0020FBB1 /* Sources */ = {
			isa = PBXSourcesBuildPhase;
			buildActionMask = 2147483647;
			files = (
				EEFBD5981CA2799E0020FBB1 /* GCD_ThreadTests.m in Sources */,
			);
			runOnlyForDeploymentPostprocessing = 0;
		};
		EEFBD59A1CA2799E0020FBB1 /* Sources */ = {
			isa = PBXSourcesBuildPhase;
			buildActionMask = 2147483647;
			files = (
				EEFBD5A31CA2799E0020FBB1 /* GCD_ThreadUITests.m in Sources */,
			);
			runOnlyForDeploymentPostprocessing = 0;
		};
/* End PBXSourcesBuildPhase section */

/* Begin PBXTargetDependency section */
		EEFBD5951CA2799E0020FBB1 /* PBXTargetDependency */ = {
			isa = PBXTargetDependency;
			target = EEFBD5791CA2799E0020FBB1 /* GCD_Thread */;
			targetProxy = EEFBD5941CA2799E0020FBB1 /* PBXContainerItemProxy */;
		};
		EEFBD5A01CA2799E0020FBB1 /* PBXTargetDependency */ = {
			isa = PBXTargetDependency;
			target = EEFBD5791CA2799E0020FBB1 /* GCD_Thread */;
			targetProxy = EEFBD59F1CA2799E0020FBB1 /* PBXContainerItemProxy */;
		};
/* End PBXTargetDependency section */

/* Begin PBXVariantGroup section */
		EEFBD5861CA2799E0020FBB1 /* Main.storyboard */ = {
			isa = PBXVariantGroup;
			children = (
				EEFBD5871CA2799E0020FBB1 /* Base */,
			);
			name = Main.storyboard;
			sourceTree = "<group>";
		};
		EEFBD58B1CA2799E0020FBB1 /* LaunchScreen.storyboard */ = {
			isa = PBXVariantGroup;
			children = (
				EEFBD58C1CA2799E0020FBB1 /* Base */,
			);
			name = LaunchScreen.storyboard;
			sourceTree = "<group>";
		};
/* End PBXVariantGroup section */

/* Begin XCBuildConfiguration section */
		EEFBD5A51CA2799E0020FBB1 /* Debug */ = {
			isa = XCBuildConfiguration;
			buildSettings = {
				ALWAYS_SEARCH_USER_PATHS = NO;
				CLANG_CXX_LANGUAGE_STANDARD = "gnu++0x";
				CLANG_CXX_LIBRARY = "libc++";
				CLANG_ENABLE_MODULES = YES;
				CLANG_ENABLE_OBJC_ARC = YES;
				CLANG_WARN_BOOL_CONVERSION = YES;
				CLANG_WARN_CONSTANT_CONVERSION = YES;
				CLANG_WARN_DIRECT_OBJC_ISA_USAGE = YES_ERROR;
				CLANG_WARN_EMPTY_BODY = YES;
				CLANG_WARN_ENUM_CONVERSION = YES;
				CLANG_WARN_INT_CONVERSION = YES;
				CLANG_WARN_OBJC_ROOT_CLASS = YES_ERROR;
				CLANG_WARN_UNREACHABLE_CODE = YES;
				CLANG_WARN__DUPLICATE_METHOD_MATCH = YES;
				"CODE_SIGN_IDENTITY[sdk=iphoneos*]" = "iPhone Developer";
				COPY_PHASE_STRIP = NO;
				DEBUG_INFORMATION_FORMAT = dwarf;
				ENABLE_STRICT_OBJC_MSGSEND = YES;
				ENABLE_TESTABILITY = YES;
				GCC_C_LANGUAGE_STANDARD = gnu99;
				GCC_DYNAMIC_NO_PIC = NO;
				GCC_NO_COMMON_BLOCKS = YES;
				GCC_OPTIMIZATION_LEVEL = 0;
				GCC_PREPROCESSOR_DEFINITIONS = (
					"DEBUG=1",
					"$(inherited)",
				);
				GCC_WARN_64_TO_32_BIT_CONVERSION = YES;
				GCC_WARN_ABOUT_RETURN_TYPE = YES_ERROR;
				GCC_WARN_UNDECLARED_SELECTOR = YES;
				GCC_WARN_UNINITIALIZED_AUTOS = YES_AGGRESSIVE;
				GCC_WARN_UNUSED_FUNCTION = YES;
				GCC_WARN_UNUSED_VARIABLE = YES;
				IPHONEOS_DEPLOYMENT_TARGET = 9.1;
				MTL_ENABLE_DEBUG_INFO = YES;
				ONLY_ACTIVE_ARCH = YES;
				SDKROOT = iphoneos;
			};
			name = Debug;
		};
		EEFBD5A61CA2799E0020FBB1 /* Release */ = {
			isa = XCBuildConfiguration;
			buildSettings = {
				ALWAYS_SEARCH_USER_PATHS = NO;
				CLANG_CXX_LANGUAGE_STANDARD = "gnu++0x";
				CLANG_CXX_LIBRARY = "libc++";
				CLANG_ENABLE_MODULES = YES;
				CLANG_ENABLE_OBJC_ARC = YES;
				CLANG_WARN_BOOL_CONVERSION = YES;
				CLANG_WARN_CONSTANT_CONVERSION = YES;
				CLANG_WARN_DIRECT_OBJC_ISA_USAGE = YES_ERROR;
				CLANG_WARN_EMPTY_BODY = YES;
				CLANG_WARN_ENUM_CONVERSION = YES;
				CLANG_WARN_INT_CONVERSION = YES;
				CLANG_WARN_OBJC_ROOT_CLASS = YES_ERROR;
				CLANG_WARN_UNREACHABLE_CODE = YES;
				CLANG_WARN__DUPLICATE_METHOD_MATCH = YES;
				"CODE_SIGN_IDENTITY[sdk=iphoneos*]" = "iPhone Developer";
				COPY_PHASE_STRIP = NO;
				DEBUG_INFORMATION_FORMAT = "dwarf-with-dsym";
				ENABLE_NS_ASSERTIONS = NO;
				ENABLE_STRICT_OBJC_MSGSEND = YES;
				GCC_C_LANGUAGE_STANDARD = gnu99;
				GCC_NO_COMMON_BLOCKS = YES;
				GCC_WARN_64_TO_32_BIT_CONVERSION = YES;
				GCC_WARN_ABOUT_RETURN_TYPE = YES_ERROR;
				GCC_WARN_UNDECLARED_SELECTOR = YES;
				GCC_WARN_UNINITIALIZED_AUTOS = YES_AGGRESSIVE;
				GCC_WARN_UNUSED_FUNCTION = YES;
				GCC_WARN_UNUSED_VARIABLE = YES;
				IPHONEOS_DEPLOYMENT_TARGET = 9.1;
				MTL_ENABLE_DEBUG_INFO = NO;
				SDKROOT = iphoneos;
				VALIDATE_PRODUCT = YES;
			};
			name = Release;
		};
		EEFBD5A81CA2799E0020FBB1 /* Debug */ = {
			isa = XCBuildConfiguration;
			buildSettings = {
				ASSETCATALOG_COMPILER_APPICON_NAME = AppIcon;
				INFOPLIST_FILE = GCD_Thread/Info.plist;
				IPHONEOS_DEPLOYMENT_TARGET = 9.0;
				LD_RUNPATH_SEARCH_PATHS = "$(inherited) @executable_path/Frameworks";
				PRODUCT_BUNDLE_IDENTIFIER = "com.zjh..GCD-Thread";
				PRODUCT_NAME = "$(TARGET_NAME)";
			};
			name = Debug;
		};
		EEFBD5A91CA2799E0020FBB1 /* Release */ = {
			isa = XCBuildConfiguration;
			buildSettings = {
				ASSETCATALOG_COMPILER_APPICON_NAME = AppIcon;
				INFOPLIST_FILE = GCD_Thread/Info.plist;
				IPHONEOS_DEPLOYMENT_TARGET = 9.0;
				LD_RUNPATH_SEARCH_PATHS = "$(inherited) @executable_path/Frameworks";
				PRODUCT_BUNDLE_IDENTIFIER = "com.zjh..GCD-Thread";
				PRODUCT_NAME = "$(TARGET_NAME)";
			};
			name = Release;
		};
		EEFBD5AB1CA2799E0020FBB1 /* Debug */ = {
			isa = XCBuildConfiguration;
			buildSettings = {
				BUNDLE_LOADER = "$(TEST_HOST)";
				INFOPLIST_FILE = GCD_ThreadTests/Info.plist;
				LD_RUNPATH_SEARCH_PATHS = "$(inherited) @executable_path/Frameworks @loader_path/Frameworks";
				PRODUCT_BUNDLE_IDENTIFIER = "com.zjh..GCD-ThreadTests";
				PRODUCT_NAME = "$(TARGET_NAME)";
				TEST_HOST = "$(BUILT_PRODUCTS_DIR)/GCD_Thread.app/GCD_Thread";
			};
			name = Debug;
		};
		EEFBD5AC1CA2799E0020FBB1 /* Release */ = {
			isa = XCBuildConfiguration;
			buildSettings = {
				BUNDLE_LOADER = "$(TEST_HOST)";
				INFOPLIST_FILE = GCD_ThreadTests/Info.plist;
				LD_RUNPATH_SEARCH_PATHS = "$(inherited) @executable_path/Frameworks @loader_path/Frameworks";
				PRODUCT_BUNDLE_IDENTIFIER = "com.zjh..GCD-ThreadTests";
				PRODUCT_NAME = "$(TARGET_NAME)";
				TEST_HOST = "$(BUILT_PRODUCTS_DIR)/GCD_Thread.app/GCD_Thread";
			};
			name = Release;
		};
		EEFBD5AE1CA2799E0020FBB1 /* Debug */ = {
			isa = XCBuildConfiguration;
			buildSettings = {
				INFOPLIST_FILE = GCD_ThreadUITests/Info.plist;
				LD_RUNPATH_SEARCH_PATHS = "$(inherited) @executable_path/Frameworks @loader_path/Frameworks";
				PRODUCT_BUNDLE_IDENTIFIER = "com.zjh..GCD-ThreadUITests";
				PRODUCT_NAME = "$(TARGET_NAME)";
				TEST_TARGET_NAME = GCD_Thread;
				USES_XCTRUNNER = YES;
			};
			name = Debug;
		};
		EEFBD5AF1CA2799E0020FBB1 /* Release */ = {
			isa = XCBuildConfiguration;
			buildSettings = {
				INFOPLIST_FILE = GCD_ThreadUITests/Info.plist;
				LD_RUNPATH_SEARCH_PATHS = "$(inherited) @executable_path/Frameworks @loader_path/Frameworks";
				PRODUCT_BUNDLE_IDENTIFIER = "com.zjh..GCD-ThreadUITests";
				PRODUCT_NAME = "$(TARGET_NAME)";
				TEST_TARGET_NAME = GCD_Thread;
				USES_XCTRUNNER = YES;
			};
			name = Release;
		};
/* End XCBuildConfiguration section */

/* Begin XCConfigurationList section */
		EEFBD5751CA2799E0020FBB1 /* Build configuration list for PBXProject "GCD_Thread" */ = {
			isa = XCConfigurationList;
			buildConfigurations = (
				EEFBD5A51CA2799E0020FBB1 /* Debug */,
				EEFBD5A61CA2799E0020FBB1 /* Release */,
			);
			defaultConfigurationIsVisible = 0;
			defaultConfigurationName = Release;
		};
		EEFBD5A71CA2799E0020FBB1 /* Build configuration list for PBXNativeTarget "GCD_Thread" */ = {
			isa = XCConfigurationList;
			buildConfigurations = (
				EEFBD5A81CA2799E0020FBB1 /* Debug */,
				EEFBD5A91CA2799E0020FBB1 /* Release */,
			);
			defaultConfigurationIsVisible = 0;
			defaultConfigurationName = Release;
		};
		EEFBD5AA1CA2799E0020FBB1 /* Build configuration list for PBXNativeTarget "GCD_ThreadTests" */ = {
			isa = XCConfigurationList;
			buildConfigurations = (
				EEFBD5AB1CA2799E0020FBB1 /* Debug */,
				EEFBD5AC1CA2799E0020FBB1 /* Release */,
			);
			defaultConfigurationIsVisible = 0;
			defaultConfigurationName = Release;
		};
		EEFBD5AD1CA2799E0020FBB1 /* Build configuration list for PBXNativeTarget "GCD_ThreadUITests" */ = {
			isa = XCConfigurationList;
			buildConfigurations = (
				EEFBD5AE1CA2799E0020FBB1 /* Debug */,
				EEFBD5AF1CA2799E0020FBB1 /* Release */,
			);
			defaultConfigurationIsVisible = 0;
			defaultConfigurationName = Release;
		};
/* End XCConfigurationList section */
	};
	rootObject = EEFBD5721CA2799E0020FBB1 /* Project object */;
}
